PODS:
  - JKCategories (1.8.1):
    - JKCategories/CoreData (= 1.8.1)
    - JKCategories/CoreLocation (= 1.8.1)
    - JKCategories/Foundation (= 1.8.1)
    - JKCategories/MapKit (= 1.8.1)
    - JKCategories/QuartzCore (= 1.8.1)
    - JKCategories/UIKit (= 1.8.1)
  - JKCategories/CoreData (1.8.1):
    - JKCategories/CoreData/NSFetchRequest (= 1.8.1)
    - JKCategories/CoreData/NSManagedObject (= 1.8.1)
    - JKCategories/CoreData/NSManagedObjectContext (= 1.8.1)
  - JKCategories/CoreData/NSFetchRequest (1.8.1)
  - JKCategories/CoreData/NSManagedObject (1.8.1):
    - JKCategories/CoreData/NSManagedObjectContext
  - JKCategories/CoreData/NSManagedObjectContext (1.8.1):
    - JKCategories/CoreData/NSFetchRequest
  - JKCategories/CoreLocation (1.8.1):
    - JKCategories/CoreLocation/CLLocation (= 1.8.1)
  - JKCategories/CoreLocation/CLLocation (1.8.1)
  - JKCategories/Foundation (1.8.1):
    - JKCategories/Foundation/NSArray (= 1.8.1)
    - JKCategories/Foundation/NSBundle (= 1.8.1)
    - JKCategories/Foundation/NSData (= 1.8.1)
    - JKCategories/Foundation/NSDate (= 1.8.1)
    - JKCategories/Foundation/NSDateFormatter (= 1.8.1)
    - JKCategories/Foundation/NSDictionary (= 1.8.1)
    - JKCategories/Foundation/NSException (= 1.8.1)
    - JKCategories/Foundation/NSFileHandle (= 1.8.1)
    - JKCategories/Foundation/NSFileManager (= 1.8.1)
    - JKCategories/Foundation/NSHTTPCookieStorage (= 1.8.1)
    - JKCategories/Foundation/NSIndexPath (= 1.8.1)
    - JKCategories/Foundation/NSInvocation (= 1.8.1)
    - JKCategories/Foundation/NSNotificationCenter (= 1.8.1)
    - JKCategories/Foundation/NSNumber (= 1.8.1)
    - JKCategories/Foundation/NSObject (= 1.8.1)
    - JKCategories/Foundation/NSRunLoop (= 1.8.1)
    - JKCategories/Foundation/NSSet (= 1.8.1)
    - JKCategories/Foundation/NSString (= 1.8.1)
    - JKCategories/Foundation/NSTimer (= 1.8.1)
    - JKCategories/Foundation/NSURL (= 1.8.1)
    - JKCategories/Foundation/NSURLConnection (= 1.8.1)
    - JKCategories/Foundation/NSURLRequest (= 1.8.1)
    - JKCategories/Foundation/NSURLSession (= 1.8.1)
    - JKCategories/Foundation/NSUserDefaults (= 1.8.1)
  - JKCategories/Foundation/NSArray (1.8.1)
  - JKCategories/Foundation/NSBundle (1.8.1)
  - JKCategories/Foundation/NSData (1.8.1)
  - JKCategories/Foundation/NSDate (1.8.1)
  - JKCategories/Foundation/NSDateFormatter (1.8.1)
  - JKCategories/Foundation/NSDictionary (1.8.1)
  - JKCategories/Foundation/NSException (1.8.1)
  - JKCategories/Foundation/NSFileHandle (1.8.1)
  - JKCategories/Foundation/NSFileManager (1.8.1)
  - JKCategories/Foundation/NSHTTPCookieStorage (1.8.1)
  - JKCategories/Foundation/NSIndexPath (1.8.1)
  - JKCategories/Foundation/NSInvocation (1.8.1)
  - JKCategories/Foundation/NSNotificationCenter (1.8.1)
  - JKCategories/Foundation/NSNumber (1.8.1)
  - JKCategories/Foundation/NSObject (1.8.1)
  - JKCategories/Foundation/NSRunLoop (1.8.1)
  - JKCategories/Foundation/NSSet (1.8.1)
  - JKCategories/Foundation/NSString (1.8.1):
    - JKCategories/Foundation/NSData
  - JKCategories/Foundation/NSTimer (1.8.1)
  - JKCategories/Foundation/NSURL (1.8.1)
  - JKCategories/Foundation/NSURLConnection (1.8.1)
  - JKCategories/Foundation/NSURLRequest (1.8.1)
  - JKCategories/Foundation/NSURLSession (1.8.1)
  - JKCategories/Foundation/NSUserDefaults (1.8.1)
  - JKCategories/MapKit (1.8.1):
    - JKCategories/MapKit/MKMapView (= 1.8.1)
  - JKCategories/MapKit/MKMapView (1.8.1)
  - JKCategories/QuartzCore (1.8.1):
    - JKCategories/QuartzCore/CAAnimation (= 1.8.1)
    - JKCategories/QuartzCore/CALayer (= 1.8.1)
    - JKCategories/QuartzCore/CAMediaTimingFunction (= 1.8.1)
    - JKCategories/QuartzCore/CAShapeLayer (= 1.8.1)
    - JKCategories/QuartzCore/CATransaction (= 1.8.1)
  - JKCategories/QuartzCore/CAAnimation (1.8.1)
  - JKCategories/QuartzCore/CALayer (1.8.1)
  - JKCategories/QuartzCore/CAMediaTimingFunction (1.8.1)
  - JKCategories/QuartzCore/CAShapeLayer (1.8.1)
  - JKCategories/QuartzCore/CATransaction (1.8.1)
  - JKCategories/UIKit (1.8.1):
    - JKCategories/UIKit/UIAlertView (= 1.8.1)
    - JKCategories/UIKit/UIApplication (= 1.8.1)
    - JKCategories/UIKit/UIBarButtonItem (= 1.8.1)
    - JKCategories/UIKit/UIBezierPath (= 1.8.1)
    - JKCategories/UIKit/UIButton (= 1.8.1)
    - JKCategories/UIKit/UIColor (= 1.8.1)
    - JKCategories/UIKit/UIControl (= 1.8.1)
    - JKCategories/UIKit/UIDevice (= 1.8.1)
    - JKCategories/UIKit/UIFont (= 1.8.1)
    - JKCategories/UIKit/UIImage (= 1.8.1)
    - JKCategories/UIKit/UIImageView (= 1.8.1)
    - JKCategories/UIKit/UILable (= 1.8.1)
    - JKCategories/UIKit/UINavigationBar (= 1.8.1)
    - JKCategories/UIKit/UINavigationController (= 1.8.1)
    - JKCategories/UIKit/UINavigationItem (= 1.8.1)
    - JKCategories/UIKit/UIPopoverController (= 1.8.1)
    - JKCategories/UIKit/UIResponder (= 1.8.1)
    - JKCategories/UIKit/UIScreen (= 1.8.1)
    - JKCategories/UIKit/UIScrollView (= 1.8.1)
    - JKCategories/UIKit/UISearchBar (= 1.8.1)
    - JKCategories/UIKit/UISplitViewController (= 1.8.1)
    - JKCategories/UIKit/UITableView (= 1.8.1)
    - JKCategories/UIKit/UITableViewCell (= 1.8.1)
    - JKCategories/UIKit/UITextField (= 1.8.1)
    - JKCategories/UIKit/UITextView (= 1.8.1)
    - JKCategories/UIKit/UIView (= 1.8.1)
    - JKCategories/UIKit/UIViewController (= 1.8.1)
    - JKCategories/UIKit/UIWebView (= 1.8.1)
    - JKCategories/UIKit/UIWindow (= 1.8.1)
  - JKCategories/UIKit/UIAlertView (1.8.1)
  - JKCategories/UIKit/UIApplication (1.8.1)
  - JKCategories/UIKit/UIBarButtonItem (1.8.1)
  - JKCategories/UIKit/UIBezierPath (1.8.1)
  - JKCategories/UIKit/UIButton (1.8.1)
  - JKCategories/UIKit/UIColor (1.8.1)
  - JKCategories/UIKit/UIControl (1.8.1)
  - JKCategories/UIKit/UIDevice (1.8.1)
  - JKCategories/UIKit/UIFont (1.8.1)
  - JKCategories/UIKit/UIImage (1.8.1)
  - JKCategories/UIKit/UIImageView (1.8.1)
  - JKCategories/UIKit/UILable (1.8.1)
  - JKCategories/UIKit/UINavigationBar (1.8.1)
  - JKCategories/UIKit/UINavigationController (1.8.1)
  - JKCategories/UIKit/UINavigationItem (1.8.1)
  - JKCategories/UIKit/UIPopoverController (1.8.1)
  - JKCategories/UIKit/UIResponder (1.8.1)
  - JKCategories/UIKit/UIScreen (1.8.1)
  - JKCategories/UIKit/UIScrollView (1.8.1)
  - JKCategories/UIKit/UISearchBar (1.8.1)
  - JKCategories/UIKit/UISplitViewController (1.8.1)
  - JKCategories/UIKit/UITableView (1.8.1)
  - JKCategories/UIKit/UITableViewCell (1.8.1)
  - JKCategories/UIKit/UITextField (1.8.1)
  - JKCategories/UIKit/UITextView (1.8.1)
  - JKCategories/UIKit/UIView (1.8.1)
  - JKCategories/UIKit/UIViewController (1.8.1)
  - JKCategories/UIKit/UIWebView (1.8.1):
    - JKCategories/UIKit/UIColor
  - JKCategories/UIKit/UIWindow (1.8.1)
  - XLinearFlowView (1.0.0):
    - JKCategories

DEPENDENCIES:
  - XLinearFlowView (from `../`)

SPEC REPOS:
  https://github.com/cocoapods/specs.git:
    - JKCategories

EXTERNAL SOURCES:
  XLinearFlowView:
    :path: "../"

SPEC CHECKSUMS:
  JKCategories: d5fecfa4f790685ea20daea319f74a8701d4c3ab
  XLinearFlowView: 9f9e642924873600ccca987217a68e055b45385b

PODFILE CHECKSUM: 6f630e018a636139463791dc163d99b74098d1db

COCOAPODS: 1.7.0
